
Microsoft Visual Studio Solution File, Format Version 12.00
# Visual Studio Version 17
VisualStudioVersion = 17.14.36202.13 d17.14
MinimumVisualStudioVersion = 10.0.40219.1
Project("{FAE04EC0-301F-11D3-BF4B-00C04F79EFBC}") = "PIVRekrutacjaUczelnia", "PIVRekrutacjaUczelnia.csproj", "{BABA3A34-3208-4F28-BEC5-0812E95AF4DA}"
EndProject
Global
	GlobalSection(SolutionConfigurationPlatforms) = preSolution
		Debug|Any CPU = Debug|Any CPU
		Release|Any CPU = Release|Any CPU
	EndGlobalSection
	GlobalSection(ProjectConfigurationPlatforms) = postSolution
		{BABA3A34-3208-4F28-BEC5-0812E95AF4DA}.Debug|Any CPU.ActiveCfg = Debug|Any CPU
		{BABA3A34-3208-4F28-BEC5-0812E95AF4DA}.Debug|Any CPU.Build.0 = Debug|Any CPU
		{BABA3A34-3208-4F28-BEC5-0812E95AF4DA}.Debug|Any CPU.Deploy.0 = Debug|Any CPU
		{BABA3A34-3208-4F28-BEC5-0812E95AF4DA}.Release|Any CPU.ActiveCfg = Release|Any CPU
		{BABA3A34-3208-4F28-BEC5-0812E95AF4DA}.Release|Any CPU.Build.0 = Release|Any CPU
		{BABA3A34-3208-4F28-BEC5-0812E95AF4DA}.Release|Any CPU.Deploy.0 = Release|Any CPU
	EndGlobalSection
	GlobalSection(SolutionProperties) = preSolution
		HideSolutionNode = FALSE
	EndGlobalSection
	GlobalSection(ExtensibilityGlobals) = postSolution
		SolutionGuid = {3A0C3EB8-4E50-4C3E-BB2A-FD7DBFF1CBDB}
	EndGlobalSection
EndGlobal
